// !$*UTF8*$!
{
	archiveVersion = 1;
	classes = {
	};
	objectVersion = 55;
	objects = {

/* Begin PBXBuildFile section */
		09A585FC28456F3C0038238A /* AppDelegate.swift in Sources */ = {isa = PBXBuildFile; fileRef = 09A585FB28456F3C0038238A /* AppDelegate.swift */; };
		09A585FE28456F3C0038238A /* SceneDelegate.swift in Sources */ = {isa = PBXBuildFile; fileRef = 09A585FD28456F3C0038238A /* SceneDelegate.swift */; };
		09A5860028456F3C0038238A /* ViewController.swift in Sources */ = {isa = PBXBuildFile; fileRef = 09A585FF28456F3C0038238A /* ViewController.swift */; };
		09A5860328456F3C0038238A /* Main.storyboard in Resources */ = {isa = PBXBuildFile; fileRef = 09A5860128456F3C0038238A /* Main.storyboard */; };
		09A5860528456F3D0038238A /* Assets.xcassets in Resources */ = {isa = PBXBuildFile; fileRef = 09A5860428456F3D0038238A /* Assets.xcassets */; };
		09A5860828456F3D0038238A /* LaunchScreen.storyboard in Resources */ = {isa = PBXBuildFile; fileRef = 09A5860628456F3D0038238A /* LaunchScreen.storyboard */; };
		09A5861D28456F3D0038238A /* UITestsButtonTapAndWaitingUITests.swift in Sources */ = {isa = PBXBuildFile; fileRef = 09A5861C28456F3D0038238A /* UITestsButtonTapAndWaitingUITests.swift */; };
/* End PBXBuildFile section */

/* Begin PBXContainerItemProxy section */
		09A5861928456F3D0038238A /* PBXContainerItemProxy */ = {
			isa = PBXContainerItemProxy;
			containerPortal = 09A585F028456F3B0038238A /* Project object */;
			proxyType = 1;
			remoteGlobalIDString = 09A585F728456F3C0038238A;
			remoteInfo = UITestsButtonTapAndWaiting;
		};
/* End PBXContainerItemProxy section */

/* Begin PBXFileReference section */
		09A585F828456F3C0038238A /* UITestsButtonTapAndWaiting.app */ = {isa = PBXFileReference; explicitFileType = wrapper.application; includeInIndex = 0; path = UITestsButtonTapAndWaiting.app; sourceTree = BUILT_PRODUCTS_DIR; };
		09A585FB28456F3C0038238A /* AppDelegate.swift */ = {isa = PBXFileReference; lastKnownFileType = sourcecode.swift; path = AppDelegate.swift; sourceTree = "<group>"; };
		09A585FD28456F3C0038238A /* SceneDelegate.swift */ = {isa = PBXFileReference; lastKnownFileType = sourcecode.swift; path = SceneDelegate.swift; sourceTree = "<group>"; };
		09A585FF28456F3C0038238A /* ViewController.swift */ = {isa = PBXFileReference; lastKnownFileType = sourcecode.swift; path = ViewController.swift; sourceTree = "<group>"; };
		09A5860228456F3C0038238A /* Base */ = {isa = PBXFileReference; lastKnownFileType = file.storyboard; name = Base; path = Base.lproj/Main.storyboard; sourceTree = "<group>"; };
		09A5860428456F3D0038238A /* Assets.xcassets */ = {isa = PBXFileReference; lastKnownFileType = folder.assetcatalog; path = Assets.xcassets; sourceTree = "<group>"; };
		09A5860728456F3D0038238A /* Base */ = {isa = PBXFileReference; lastKnownFileType = file.storyboard; name = Base; path = Base.lproj/LaunchScreen.storyboard; sourceTree = "<group>"; };
		09A5860928456F3D0038238A /* Info.plist */ = {isa = PBXFileReference; lastKnownFileType = text.plist.xml; path = Info.plist; sourceTree = "<group>"; };
		09A5861828456F3D0038238A /* UITestsButtonTapAndWaitingUITests.xctest */ = {isa = PBXFileReference; explicitFileType = wrapper.cfbundle; includeInIndex = 0; path = UITestsButtonTapAndWaitingUITests.xctest; sourceTree = BUILT_PRODUCTS_DIR; };
		09A5861C28456F3D0038238A /* UITestsButtonTapAndWaitingUITests.swift */ = {isa = PBXFileReference; lastKnownFileType = sourcecode.swift; path = UITestsButtonTapAndWaitingUITests.swift; sourceTree = "<group>"; };
/* End PBXFileReference section */

/* Begin PBXFrameworksBuildPhase section */
		09A585F528456F3C0038238A /* Frameworks */ = {
			isa = PBXFrameworksBuildPhase;
			buildActionMask = 2147483647;
			files = (
			);
			runOnlyForDeploymentPostprocessing = 0;
		};
		09A5861528456F3D0038238A /* Frameworks */ = {
			isa = PBXFrameworksBuildPhase;
			buildActionMask = 2147483647;
			files = (
			);
			runOnlyForDeploymentPostprocessing = 0;
		};
/* End PBXFrameworksBuildPhase section */

/* Begin PBXGroup section */
		09A585EF28456F3B0038238A = {
			isa = PBXGroup;
			children = (
				09A585FA28456F3C0038238A /* UITestsButtonTapAndWaiting */,
				09A5861B28456F3D0038238A /* UITestsButtonTapAndWaitingUITests */,
				09A585F928456F3C0038238A /* Products */,
			);
			sourceTree = "<group>";
		};
		09A585F928456F3C0038238A /* Products */ = {
			isa = PBXGroup;
			children = (
				09A585F828456F3C0038238A /* UITestsButtonTapAndWaiting.app */,
				09A5861828456F3D0038238A /* UITestsButtonTapAndWaitingUITests.xctest */,
			);
			name = Products;
			sourceTree = "<group>";
		};
		09A585FA28456F3C0038238A /* UITestsButtonTapAndWaiting */ = {
			isa = PBXGroup;
			children = (
				09A585FB28456F3C0038238A /* AppDelegate.swift */,
				09A585FD28456F3C0038238A /* SceneDelegate.swift */,
				09A585FF28456F3C0038238A /* ViewController.swift */,
				09A5860128456F3C0038238A /* Main.storyboard */,
				09A5860428456F3D0038238A /* Assets.xcassets */,
				09A5860628456F3D0038238A /* LaunchScreen.storyboard */,
				09A5860928456F3D0038238A /* Info.plist */,
			);
			path = UITestsButtonTapAndWaiting;
			sourceTree = "<group>";
		};
		09A5861B28456F3D0038238A /* UITestsButtonTapAndWaitingUITests */ = {
			isa = PBXGroup;
			children = (
				09A5861C28456F3D0038238A /* UITestsButtonTapAndWaitingUITests.swift */,
			);
			path = UITestsButtonTapAndWaitingUITests;
			sourceTree = "<group>";
		};
/* End PBXGroup section */

/* Begin PBXNativeTarget section */
		09A585F728456F3C0038238A /* UITestsButtonTapAndWaiting */ = {
			isa = PBXNativeTarget;
			buildConfigurationList = 09A5862228456F3D0038238A /* Build configuration list for PBXNativeTarget "UITestsButtonTapAndWaiting" */;
			buildPhases = (
				09A585F428456F3C0038238A /* Sources */,
				09A585F528456F3C0038238A /* Frameworks */,
				09A585F628456F3C0038238A /* Resources */,
			);
			buildRules = (
			);
			dependencies = (
			);
			name = UITestsButtonTapAndWaiting;
			productName = UITestsButtonTapAndWaiting;
			productReference = 09A585F828456F3C0038238A /* UITestsButtonTapAndWaiting.app */;
			productType = "com.apple.product-type.application";
		};
		09A5861728456F3D0038238A /* UITestsButtonTapAndWaitingUITests */ = {
			isa = PBXNativeTarget;
			buildConfigurationList = 09A5862828456F3D0038238A /* Build configuration list for PBXNativeTarget "UITestsButtonTapAndWaitingUITests" */;
			buildPhases = (
				09A5861428456F3D0038238A /* Sources */,
				09A5861528456F3D0038238A /* Frameworks */,
				09A5861628456F3D0038238A /* Resources */,
			);
			buildRules = (
			);
			dependencies = (
				09A5861A28456F3D0038238A /* PBXTargetDependency */,
			);
			name = UITestsButtonTapAndWaitingUITests;
			productName = UITestsButtonTapAndWaitingUITests;
			productReference = 09A5861828456F3D0038238A /* UITestsButtonTapAndWaitingUITests.xctest */;
			productType = "com.apple.product-type.bundle.ui-testing";
		};
/* End PBXNativeTarget section */

/* Begin PBXProject section */
		09A585F028456F3B0038238A /* Project object */ = {
			isa = PBXProject;
			attributes = {
				BuildIndependentTargetsInParallel = 1;
				LastSwiftUpdateCheck = 1320;
				LastUpgradeCheck = 1320;
				TargetAttributes = {
					09A585F728456F3C0038238A = {
						CreatedOnToolsVersion = 13.2.1;
					};
					09A5861728456F3D0038238A = {
						CreatedOnToolsVersion = 13.2.1;
						TestTargetID = 09A585F728456F3C0038238A;
					};
				};
			};
			buildConfigurationList = 09A585F328456F3B0038238A /* Build configuration list for PBXProject "UITestsButtonTapAndWaiting" */;
			compatibilityVersion = "Xcode 13.0";
			developmentRegion = en;
			hasScannedForEncodings = 0;
			knownRegions = (
				en,
				Base,
			);
			mainGroup = 09A585EF28456F3B0038238A;
			productRefGroup = 09A585F928456F3C0038238A /* Products */;
			projectDirPath = "";
			projectRoot = "";
			targets = (
				09A585F728456F3C0038238A /* UITestsButtonTapAndWaiting */,
				09A5861728456F3D0038238A /* UITestsButtonTapAndWaitingUITests */,
			);
		};
/* End PBXProject section */

/* Begin PBXResourcesBuildPhase section */
		09A585F628456F3C0038238A /* Resources */ = {
			isa = PBXResourcesBuildPhase;
			buildActionMask = 2147483647;
			files = (
				09A5860828456F3D0038238A /* LaunchScreen.storyboard in Resources */,
				09A5860528456F3D0038238A /* Assets.xcassets in Resources */,
				09A5860328456F3C0038238A /* Main.storyboard in Resources */,
			);
			runOnlyForDeploymentPostprocessing = 0;
		};
		09A5861628456F3D0038238A /* Resources */ = {
			isa = PBXResourcesBuildPhase;
			buildActionMask = 2147483647;
			files = (
			);
			runOnlyForDeploymentPostprocessing = 0;
		};
/* End PBXResourcesBuildPhase section */

/* Begin PBXSourcesBuildPhase section */
		09A585F428456F3C0038238A /* Sources */ = {
			isa = PBXSourcesBuildPhase;
			buildActionMask = 2147483647;
			files = (
				09A5860028456F3C0038238A /* ViewController.swift in Sources */,
				09A585FC28456F3C0038238A /* AppDelegate.swift in Sources */,
				09A585FE28456F3C0038238A /* SceneDelegate.swift in Sources */,
			);
			runOnlyForDeploymentPostprocessing = 0;
		};
		09A5861428456F3D0038238A /* Sources */ = {
			isa = PBXSourcesBuildPhase;
			buildActionMask = 2147483647;
			files = (
				09A5861D28456F3D0038238A /* UITestsButtonTapAndWaitingUITests.swift in Sources */,
			);
			runOnlyForDeploymentPostprocessing = 0;
		};
/* End PBXSourcesBuildPhase section */

/* Begin PBXTargetDependency section */
		09A5861A28456F3D0038238A /* PBXTargetDependency */ = {
			isa = PBXTargetDependency;
			target = 09A585F728456F3C0038238A /* UITestsButtonTapAndWaiting */;
			targetProxy = 09A5861928456F3D0038238A /* PBXContainerItemProxy */;
		};
/* End PBXTargetDependency section */

/* Begin PBXVariantGroup section */
		09A5860128456F3C0038238A /* Main.storyboard */ = {
			isa = PBXVariantGroup;
			children = (
				09A5860228456F3C0038238A /* Base */,
			);
			name = Main.storyboard;
			sourceTree = "<group>";
		};
		09A5860628456F3D0038238A /* LaunchScreen.storyboard */ = {
			isa = PBXVariantGroup;
			children = (
				09A5860728456F3D0038238A /* Base */,
			);
			name = LaunchScreen.storyboard;
			sourceTree = "<group>";
		};
/* End PBXVariantGroup section */

/* Begin XCBuildConfiguration section */
		09A5862028456F3D0038238A /* Debug */ = {
			isa = XCBuildConfiguration;
			buildSettings = {
				ALWAYS_SEARCH_USER_PATHS = NO;
				CLANG_ANALYZER_NONNULL = YES;
				CLANG_ANALYZER_NUMBER_OBJECT_CONVERSION = YES_AGGRESSIVE;
				CLANG_CXX_LANGUAGE_STANDARD = "gnu++17";
				CLANG_CXX_LIBRARY = "libc++";
				CLANG_ENABLE_MODULES = YES;
				CLANG_ENABLE_OBJC_ARC = YES;
				CLANG_ENABLE_OBJC_WEAK = YES;
				CLANG_WARN_BLOCK_CAPTURE_AUTORELEASING = YES;
				CLANG_WARN_BOOL_CONVERSION = YES;
				CLANG_WARN_COMMA = YES;
				CLANG_WARN_CONSTANT_CONVERSION = YES;
				CLANG_WARN_DEPRECATED_OBJC_IMPLEMENTATIONS = YES;
				CLANG_WARN_DIRECT_OBJC_ISA_USAGE = YES_ERROR;
				CLANG_WARN_DOCUMENTATION_COMMENTS = YES;
				CLANG_WARN_EMPTY_BODY = YES;
				CLANG_WARN_ENUM_CONVERSION = YES;
				CLANG_WARN_INFINITE_RECURSION = YES;
				CLANG_WARN_INT_CONVERSION = YES;
				CLANG_WARN_NON_LITERAL_NULL_CONVERSION = YES;
				CLANG_WARN_OBJC_IMPLICIT_RETAIN_SELF = YES;
				CLANG_WARN_OBJC_LITERAL_CONVERSION = YES;
				CLANG_WARN_OBJC_ROOT_CLASS = YES_ERROR;
				CLANG_WARN_QUOTED_INCLUDE_IN_FRAMEWORK_HEADER = YES;
				CLANG_WARN_RANGE_LOOP_ANALYSIS = YES;
				CLANG_WARN_STRICT_PROTOTYPES = YES;
				CLANG_WARN_SUSPICIOUS_MOVE = YES;
				CLANG_WARN_UNGUARDED_AVAILABILITY = YES_AGGRESSIVE;
				CLANG_WARN_UNREACHABLE_CODE = YES;
				CLANG_WARN__DUPLICATE_METHOD_MATCH = YES;
				COPY_PHASE_STRIP = NO;
				DEBUG_INFORMATION_FORMAT = dwarf;
				ENABLE_STRICT_OBJC_MSGSEND = YES;
				ENABLE_TESTABILITY = YES;
				GCC_C_LANGUAGE_STANDARD = gnu11;
				GCC_DYNAMIC_NO_PIC = NO;
				GCC_NO_COMMON_BLOCKS = YES;
				GCC_OPTIMIZATION_LEVEL = 0;
				GCC_PREPROCESSOR_DEFINITIONS = (
					"DEBUG=1",
					"$(inherited)",
				);
				GCC_WARN_64_TO_32_BIT_CONVERSION = YES;
				GCC_WARN_ABOUT_RETURN_TYPE = YES_ERROR;
				GCC_WARN_UNDECLARED_SELECTOR = YES;
				GCC_WARN_UNINITIALIZED_AUTOS = YES_AGGRESSIVE;
				GCC_WARN_UNUSED_FUNCTION = YES;
				GCC_WARN_UNUSED_VARIABLE = YES;
				IPHONEOS_DEPLOYMENT_TARGET = 15.2;
				MTL_ENABLE_DEBUG_INFO = INCLUDE_SOURCE;
				MTL_FAST_MATH = YES;
				ONLY_ACTIVE_ARCH = YES;
				SDKROOT = iphoneos;
				SWIFT_ACTIVE_COMPILATION_CONDITIONS = DEBUG;
				SWIFT_OPTIMIZATION_LEVEL = "-Onone";
			};
			name = Debug;
		};
		09A5862128456F3D0038238A /* Release */ = {
			isa = XCBuildConfiguration;
			buildSettings = {
				ALWAYS_SEARCH_USER_PATHS = NO;
				CLANG_ANALYZER_NONNULL = YES;
				CLANG_ANALYZER_NUMBER_OBJECT_CONVERSION = YES_AGGRESSIVE;
				CLANG_CXX_LANGUAGE_STANDARD = "gnu++17";
				CLANG_CXX_LIBRARY = "libc++";
				CLANG_ENABLE_MODULES = YES;
				CLANG_ENABLE_OBJC_ARC = YES;
				CLANG_ENABLE_OBJC_WEAK = YES;
				CLANG_WARN_BLOCK_CAPTURE_AUTORELEASING = YES;
				CLANG_WARN_BOOL_CONVERSION = YES;
				CLANG_WARN_COMMA = YES;
				CLANG_WARN_CONSTANT_CONVERSION = YES;
				CLANG_WARN_DEPRECATED_OBJC_IMPLEMENTATIONS = YES;
				CLANG_WARN_DIRECT_OBJC_ISA_USAGE = YES_ERROR;
				CLANG_WARN_DOCUMENTATION_COMMENTS = YES;
				CLANG_WARN_EMPTY_BODY = YES;
				CLANG_WARN_ENUM_CONVERSION = YES;
				CLANG_WARN_INFINITE_RECURSION = YES;
				CLANG_WARN_INT_CONVERSION = YES;
				CLANG_WARN_NON_LITERAL_NULL_CONVERSION = YES;
				CLANG_WARN_OBJC_IMPLICIT_RETAIN_SELF = YES;
				CLANG_WARN_OBJC_LITERAL_CONVERSION = YES;
				CLANG_WARN_OBJC_ROOT_CLASS = YES_ERROR;
				CLANG_WARN_QUOTED_INCLUDE_IN_FRAMEWORK_HEADER = YES;
				CLANG_WARN_RANGE_LOOP_ANALYSIS = YES;
				CLANG_WARN_STRICT_PROTOTYPES = YES;
				CLANG_WARN_SUSPICIOUS_MOVE = YES;
				CLANG_WARN_UNGUARDED_AVAILABILITY = YES_AGGRESSIVE;
				CLANG_WARN_UNREACHABLE_CODE = YES;
				CLANG_WARN__DUPLICATE_METHOD_MATCH = YES;
				COPY_PHASE_STRIP = NO;
				DEBUG_INFORMATION_FORMAT = "dwarf-with-dsym";
				ENABLE_NS_ASSERTIONS = NO;
				ENABLE_STRICT_OBJC_MSGSEND = YES;
				GCC_C_LANGUAGE_STANDARD = gnu11;
				GCC_NO_COMMON_BLOCKS = YES;
				GCC_WARN_64_TO_32_BIT_CONVERSION = YES;
				GCC_WARN_ABOUT_RETURN_TYPE = YES_ERROR;
				GCC_WARN_UNDECLARED_SELECTOR = YES;
				GCC_WARN_UNINITIALIZED_AUTOS = YES_AGGRESSIVE;
				GCC_WARN_UNUSED_FUNCTION = YES;
				GCC_WARN_UNUSED_VARIABLE = YES;
				IPHONEOS_DEPLOYMENT_TARGET = 15.2;
				MTL_ENABLE_DEBUG_INFO = NO;
				MTL_FAST_MATH = YES;
				SDKROOT = iphoneos;
				SWIFT_COMPILATION_MODE = wholemodule;
				SWIFT_OPTIMIZATION_LEVEL = "-O";
				VALIDATE_PRODUCT = YES;
			};
			name = Release;
		};
		09A5862328456F3D0038238A /* Debug */ = {
			isa = XCBuildConfiguration;
			buildSettings = {
				ASSETCATALOG_COMPILER_APPICON_NAME = AppIcon;
				ASSETCATALOG_COMPILER_GLOBAL_ACCENT_COLOR_NAME = AccentColor;
				CODE_SIGN_STYLE = Automatic;
				CURRENT_PROJECT_VERSION = 1;
				GENERATE_INFOPLIST_FILE = YES;
				INFOPLIST_FILE = UITestsButtonTapAndWaiting/Info.plist;
				INFOPLIST_KEY_UIApplicationSupportsIndirectInputEvents = YES;
				INFOPLIST_KEY_UILaunchStoryboardName = LaunchScreen;
				INFOPLIST_KEY_UIMainStoryboardFile = Main;
				INFOPLIST_KEY_UISupportedInterfaceOrientations_iPad = "UIInterfaceOrientationPortrait UIInterfaceOrientationPortraitUpsideDown UIInterfaceOrientationLandscapeLeft UIInterfaceOrientationLandscapeRight";
				INFOPLIST_KEY_UISupportedInterfaceOrientations_iPhone = "UIInterfaceOrientationPortrait UIInterfaceOrientationLandscapeLeft UIInterfaceOrientationLandscapeRight";
				LD_RUNPATH_SEARCH_PATHS = (
					"$(inherited)",
					"@executable_path/Frameworks",
				);
				MARKETING_VERSION = 1.0;
				PRODUCT_BUNDLE_IDENTIFIER = nikolaysuvandzhiev.UITestsButtonTapAndWaiting;
				PRODUCT_NAME = "$(TARGET_NAME)";
				SWIFT_EMIT_LOC_STRINGS = YES;
				SWIFT_VERSION = 5.0;
				TARGETED_DEVICE_FAMILY = "1,2";
			};
			name = Debug;
		};
		09A5862428456F3D0038238A /* Release */ = {
			isa = XCBuildConfiguration;
			buildSettings = {
				ASSETCATALOG_COMPILER_APPICON_NAME = AppIcon;
				ASSETCATALOG_COMPILER_GLOBAL_ACCENT_COLOR_NAME = AccentColor;
				CODE_SIGN_STYLE = Automatic;
				CURRENT_PROJECT_VERSION = 1;
				GENERATE_INFOPLIST_FILE = YES;
				INFOPLIST_FILE = UITestsButtonTapAndWaiting/Info.plist;
				INFOPLIST_KEY_UIApplicationSupportsIndirectInputEvents = YES;
				INFOPLIST_KEY_UILaunchStoryboardName = LaunchScreen;
				INFOPLIST_KEY_UIMainStoryboardFile = Main;
				INFOPLIST_KEY_UISupportedInterfaceOrientations_iPad = "UIInterfaceOrientationPortrait UIInterfaceOrientationPortraitUpsideDown UIInterfaceOrientationLandscapeLeft UIInterfaceOrientationLandscapeRight";
				INFOPLIST_KEY_UISupportedInterfaceOrientations_iPhone = "UIInterfaceOrientationPortrait UIInterfaceOrientationLandscapeLeft UIInterfaceOrientationLandscapeRight";
				LD_RUNPATH_SEARCH_PATHS = (
					"$(inherited)",
					"@executable_path/Frameworks",
				);
				MARKETING_VERSION = 1.0;
				PRODUCT_BUNDLE_IDENTIFIER = nikolaysuvandzhiev.UITestsButtonTapAndWaiting;
				PRODUCT_NAME = "$(TARGET_NAME)";
				SWIFT_EMIT_LOC_STRINGS = YES;
				SWIFT_VERSION = 5.0;
				TARGETED_DEVICE_FAMILY = "1,2";
			};
			name = Release;
		};
		09A5862928456F3D0038238A /* Debug */ = {
			isa = XCBuildConfiguration;
			buildSettings = {
				ALWAYS_EMBED_SWIFT_STANDARD_LIBRARIES = YES;
				CODE_SIGN_STYLE = Automatic;
				CURRENT_PROJECT_VERSION = 1;
				GENERATE_INFOPLIST_FILE = YES;
				MARKETING_VERSION = 1.0;
				PRODUCT_BUNDLE_IDENTIFIER = nikolaysuvandzhiev.UITestsButtonTapAndWaitingUITests;
				PRODUCT_NAME = "$(TARGET_NAME)";
				SWIFT_EMIT_LOC_STRINGS = NO;
				SWIFT_VERSION = 5.0;
				TARGETED_DEVICE_FAMILY = "1,2";
				TEST_TARGET_NAME = UITestsButtonTapAndWaiting;
			};
			name = Debug;
		};
		09A5862A28456F3D0038238A /* Release */ = {
			isa = XCBuildConfiguration;
			buildSettings = {
				ALWAYS_EMBED_SWIFT_STANDARD_LIBRARIES = YES;
				CODE_SIGN_STYLE = Automatic;
				CURRENT_PROJECT_VERSION = 1;
				GENERATE_INFOPLIST_FILE = YES;
				MARKETING_VERSION = 1.0;
				PRODUCT_BUNDLE_IDENTIFIER = nikolaysuvandzhiev.UITestsButtonTapAndWaitingUITests;
				PRODUCT_NAME = "$(TARGET_NAME)";
				SWIFT_EMIT_LOC_STRINGS = NO;
				SWIFT_VERSION = 5.0;
				TARGETED_DEVICE_FAMILY = "1,2";
				TEST_TARGET_NAME = UITestsButtonTapAndWaiting;
			};
			name = Release;
		};
/* End XCBuildConfiguration section */

/* Begin XCConfigurationList section */
		09A585F328456F3B0038238A /* Build configuration list for PBXProject "UITestsButtonTapAndWaiting" */ = {
			isa = XCConfigurationList;
			buildConfigurations = (
				09A5862028456F3D0038238A /* Debug */,
				09A5862128456F3D0038238A /* Release */,
			);
			defaultConfigurationIsVisible = 0;
			defaultConfigurationName = Release;
		};
		09A5862228456F3D0038238A /* Build configuration list for PBXNativeTarget "UITestsButtonTapAndWaiting" */ = {
			isa = XCConfigurationList;
			buildConfigurations = (
				09A5862328456F3D0038238A /* Debug */,
				09A5862428456F3D0038238A /* Release */,
			);
			defaultConfigurationIsVisible = 0;
			defaultConfigurationName = Release;
		};
		09A5862828456F3D0038238A /* Build configuration list for PBXNativeTarget "UITestsButtonTapAndWaitingUITests" */ = {
			isa = XCConfigurationList;
			buildConfigurations = (
				09A5862928456F3D0038238A /* Debug */,
				09A5862A28456F3D0038238A /* Release */,
			);
			defaultConfigurationIsVisible = 0;
			defaultConfigurationName = Release;
		};
/* End XCConfigurationList section */
	};
	rootObject = 09A585F028456F3B0038238A /* Project object */;
}
